<?xml version="1.0" encoding="utf-8"?>
<Project ToolsVersion="4.0" xmlns="http://schemas.microsoft.com/developer/msbuild/2003">
  <ItemGroup>
    <Filter Include="Fichiers sources">
      <UniqueIdentifier>{4FC737F1-C7A5-4376-A066-2A32D752A2FF}</UniqueIdentifier>
      <Extensions>cpp;c;cc;cxx;c++;cppm;ixx;def;odl;idl;hpj;bat;asm;asmx</Extensions>
    </Filter>
    <Filter Include="Fichiers d%27en-tête">
      <UniqueIdentifier>{93995380-89BD-4b04-88EB-625FBE52EBFB}</UniqueIdentifier>
      <Extensions>h;hh;hpp;hxx;h++;hm;inl;inc;ipp;xsd</Extensions>
    </Filter>
    <Filter Include="Fichiers de ressources">
      <UniqueIdentifier>{67DA6AB6-F800-4c08-8B7A-83BB121AAD01}</UniqueIdentifier>
      <Extensions>rc;ico;cur;bmp;dlg;rc2;rct;bin;rgs;gif;jpg;jpeg;jpe;resx;tiff;tif;png;wav;mfcribbon-ms</Extensions>
    </Filter>
    <Filter Include="Fichiers d%27en-tête\Models">
      <UniqueIdentifier>{c2753534-9b99-448c-b09b-e4424889621a}</UniqueIdentifier>
    </Filter>
    <Filter Include="Fichiers sources\View">
      <UniqueIdentifier>{3882c10e-67f9-41c4-b8c3-836b745fd5f9}</UniqueIdentifier>
    </Filter>
    <Filter Include="Fichiers sources\Controller">
      <UniqueIdentifier>{d89ddd75-a7c5-4d28-bf73-73c35f5f3fbf}</UniqueIdentifier>
    </Filter>
  </ItemGroup>
  <ItemGroup>
    <ClCompile Include="main.cpp">
      <Filter>Fichiers sources\View</Filter>
    </ClCompile>
    <ClCompile Include="Base.cpp">
      <Filter>Fichiers sources\Controller</Filter>
    </ClCompile>
    <ClCompile Include="Ennemi.cpp">
      <Filter>Fichiers sources\Controller</Filter>
    </ClCompile>
    <ClCompile Include="GameObject.cpp">
      <Filter>Fichiers sources\Controller</Filter>
    </ClCompile>
    <ClCompile Include="Munition.cpp">
      <Filter>Fichiers sources\Controller</Filter>
    </ClCompile>
    <ClCompile Include="TourArcher.cpp">
      <Filter>Fichiers sources\Controller</Filter>
    </ClCompile>
    <ClCompile Include="Tourelle.cpp">
      <Filter>Fichiers sources\Controller</Filter>
    </ClCompile>
    <ClCompile Include="TourGel.cpp">
      <Filter>Fichiers sources\Controller</Filter>
    </ClCompile>
    <ClCompile Include="TourSorcier.cpp">
      <Filter>Fichiers sources\Controller</Filter>
    </ClCompile>
  </ItemGroup>
  <ItemGroup>
    <ClInclude Include="Base.h">
      <Filter>Fichiers d%27en-tête\Models</Filter>
    </ClInclude>
    <ClInclude Include="Ennemi.h">
      <Filter>Fichiers d%27en-tête\Models</Filter>
    </ClInclude>
    <ClInclude Include="GameObject.h">
      <Filter>Fichiers d%27en-tête\Models</Filter>
    </ClInclude>
    <ClInclude Include="Munition.h">
      <Filter>Fichiers d%27en-tête\Models</Filter>
    </ClInclude>
    <ClInclude Include="TourArcher.h">
      <Filter>Fichiers d%27en-tête\Models</Filter>
    </ClInclude>
    <ClInclude Include="Tourelle.h">
      <Filter>Fichiers d%27en-tête\Models</Filter>
    </ClInclude>
    <ClInclude Include="TourGel.h">
      <Filter>Fichiers d%27en-tête\Models</Filter>
    </ClInclude>
    <ClInclude Include="TourSorcier.h">
      <Filter>Fichiers d%27en-tête\Models</Filter>
    </ClInclude>
  </ItemGroup>
</Project>